
Microsoft Visual Studio Solution File, Format Version 9.00
# Visual Studio 2005
Project("{FAE04EC0-301F-11D3-BF4B-00C04F79EFBC}") = "WebMailPro", "WebMailPro.csproj", "{BEEDF15E-9D22-4541-BD0F-740BFA1CC760}"
	ProjectSection(WebsiteProperties) = preProject
		Debug.AspNetCompiler.Debug = "True"
		Release.AspNetCompiler.Debug = "False"
	EndProjectSection
EndProject
Global
	GlobalSection(SourceCodeControl) = preSolution
		SccNumberOfProjects = 1
		SccProjectUniqueName0 = WebMailPro.csproj
		SccProjectName0 = \u0022$/RMO/WebMail\u0022,\u0020DAAAAAAA
		SccLocalPath0 = .
		SccProvider0 = MSSCCI:Microsoft\u0020Visual\u0020SourceSafe
	EndGlobalSection
	GlobalSection(SolutionConfigurationPlatforms) = preSolution
		Debug|Any CPU = Debug|Any CPU
		Release|Any CPU = Release|Any CPU
	EndGlobalSection
	GlobalSection(ProjectConfigurationPlatforms) = postSolution
		{BEEDF15E-9D22-4541-BD0F-740BFA1CC760}.Debug|Any CPU.ActiveCfg = Debug|Any CPU
		{BEEDF15E-9D22-4541-BD0F-740BFA1CC760}.Debug|Any CPU.Build.0 = Debug|Any CPU
		{BEEDF15E-9D22-4541-BD0F-740BFA1CC760}.Release|Any CPU.ActiveCfg = Release|Any CPU
		{BEEDF15E-9D22-4541-BD0F-740BFA1CC760}.Release|Any CPU.Build.0 = Release|Any CPU
	EndGlobalSection
	GlobalSection(SolutionProperties) = preSolution
		HideSolutionNode = FALSE
	EndGlobalSection
EndGlobal
